
Microsoft Visual Studio Solution File, Format Version 12.00
# Visual Studio Version 16
VisualStudioVersion = 16.0.30621.155
MinimumVisualStudioVersion = 10.0.40219.1
Project("{FAE04EC0-301F-11D3-BF4B-00C04F79EFBC}") = "1", "Forms 1-12\1.csproj", "{94D2ABB0-E676-4541-99DB-960C5E8D0758}"
EndProject
Project("{FAE04EC0-301F-11D3-BF4B-00C04F79EFBC}") = "2", "2\2.csproj", "{54D0EFDB-9F6D-422F-9D3D-3E57B1C028AD}"
EndProject
Project("{FAE04EC0-301F-11D3-BF4B-00C04F79EFBC}") = "3", "3\3.csproj", "{5A5A8EAB-B27C-42F6-A6CD-B7B41ED8B0EC}"
EndProject
Project("{FAE04EC0-301F-11D3-BF4B-00C04F79EFBC}") = "4", "4\4.csproj", "{B7924F7C-B05B-4F28-912B-B787AD7AF736}"
EndProject
Project("{FAE04EC0-301F-11D3-BF4B-00C04F79EFBC}") = "5", "5\5.csproj", "{F07317F6-2D62-464E-B907-E6E6EF2F5149}"
EndProject
Project("{FAE04EC0-301F-11D3-BF4B-00C04F79EFBC}") = "6", "6\6.csproj", "{2784EAFE-31C4-43F0-B33C-CB65B70BC811}"
EndProject
Project("{FAE04EC0-301F-11D3-BF4B-00C04F79EFBC}") = "7", "7\7.csproj", "{C90C85DA-2F9E-490B-B3E7-01B67C8FA59E}"
EndProject
Project("{FAE04EC0-301F-11D3-BF4B-00C04F79EFBC}") = "8", "8\8.csproj", "{9F1AF707-9E25-4704-9773-D4BB5533F5E8}"
EndProject
Project("{FAE04EC0-301F-11D3-BF4B-00C04F79EFBC}") = "9", "9\9.csproj", "{D2942542-C3F5-49EC-AA95-B9C0F0BAE9A4}"
EndProject
Project("{FAE04EC0-301F-11D3-BF4B-00C04F79EFBC}") = "10", "10\10.csproj", "{833F1049-FC3F-4984-AEFE-B72D6DA22BA4}"
EndProject
Project("{FAE04EC0-301F-11D3-BF4B-00C04F79EFBC}") = "11", "11\11.csproj", "{3A4F4E74-2FC4-4DEB-95A7-B3998A98C5E3}"
EndProject
Project("{FAE04EC0-301F-11D3-BF4B-00C04F79EFBC}") = "12", "12\12.csproj", "{D14B628F-0A16-405E-96FD-0776462FCA07}"
EndProject
Global
	GlobalSection(SolutionConfigurationPlatforms) = preSolution
		Debug|Any CPU = Debug|Any CPU
		Release|Any CPU = Release|Any CPU
	EndGlobalSection
	GlobalSection(ProjectConfigurationPlatforms) = postSolution
		{94D2ABB0-E676-4541-99DB-960C5E8D0758}.Debug|Any CPU.ActiveCfg = Debug|Any CPU
		{94D2ABB0-E676-4541-99DB-960C5E8D0758}.Debug|Any CPU.Build.0 = Debug|Any CPU
		{94D2ABB0-E676-4541-99DB-960C5E8D0758}.Release|Any CPU.ActiveCfg = Release|Any CPU
		{94D2ABB0-E676-4541-99DB-960C5E8D0758}.Release|Any CPU.Build.0 = Release|Any CPU
		{54D0EFDB-9F6D-422F-9D3D-3E57B1C028AD}.Debug|Any CPU.ActiveCfg = Debug|Any CPU
		{54D0EFDB-9F6D-422F-9D3D-3E57B1C028AD}.Debug|Any CPU.Build.0 = Debug|Any CPU
		{54D0EFDB-9F6D-422F-9D3D-3E57B1C028AD}.Release|Any CPU.ActiveCfg = Release|Any CPU
		{54D0EFDB-9F6D-422F-9D3D-3E57B1C028AD}.Release|Any CPU.Build.0 = Release|Any CPU
		{5A5A8EAB-B27C-42F6-A6CD-B7B41ED8B0EC}.Debug|Any CPU.ActiveCfg = Debug|Any CPU
		{5A5A8EAB-B27C-42F6-A6CD-B7B41ED8B0EC}.Debug|Any CPU.Build.0 = Debug|Any CPU
		{5A5A8EAB-B27C-42F6-A6CD-B7B41ED8B0EC}.Release|Any CPU.ActiveCfg = Release|Any CPU
		{5A5A8EAB-B27C-42F6-A6CD-B7B41ED8B0EC}.Release|Any CPU.Build.0 = Release|Any CPU
		{B7924F7C-B05B-4F28-912B-B787AD7AF736}.Debug|Any CPU.ActiveCfg = Debug|Any CPU
		{B7924F7C-B05B-4F28-912B-B787AD7AF736}.Debug|Any CPU.Build.0 = Debug|Any CPU
		{B7924F7C-B05B-4F28-912B-B787AD7AF736}.Release|Any CPU.ActiveCfg = Release|Any CPU
		{B7924F7C-B05B-4F28-912B-B787AD7AF736}.Release|Any CPU.Build.0 = Release|Any CPU
		{F07317F6-2D62-464E-B907-E6E6EF2F5149}.Debug|Any CPU.ActiveCfg = Debug|Any CPU
		{F07317F6-2D62-464E-B907-E6E6EF2F5149}.Debug|Any CPU.Build.0 = Debug|Any CPU
		{F07317F6-2D62-464E-B907-E6E6EF2F5149}.Release|Any CPU.ActiveCfg = Release|Any CPU
		{F07317F6-2D62-464E-B907-E6E6EF2F5149}.Release|Any CPU.Build.0 = Release|Any CPU
		{2784EAFE-31C4-43F0-B33C-CB65B70BC811}.Debug|Any CPU.ActiveCfg = Debug|Any CPU
		{2784EAFE-31C4-43F0-B33C-CB65B70BC811}.Debug|Any CPU.Build.0 = Debug|Any CPU
		{2784EAFE-31C4-43F0-B33C-CB65B70BC811}.Release|Any CPU.ActiveCfg = Release|Any CPU
		{2784EAFE-31C4-43F0-B33C-CB65B70BC811}.Release|Any CPU.Build.0 = Release|Any CPU
		{C90C85DA-2F9E-490B-B3E7-01B67C8FA59E}.Debug|Any CPU.ActiveCfg = Debug|Any CPU
		{C90C85DA-2F9E-490B-B3E7-01B67C8FA59E}.Debug|Any CPU.Build.0 = Debug|Any CPU
		{C90C85DA-2F9E-490B-B3E7-01B67C8FA59E}.Release|Any CPU.ActiveCfg = Release|Any CPU
		{C90C85DA-2F9E-490B-B3E7-01B67C8FA59E}.Release|Any CPU.Build.0 = Release|Any CPU
		{9F1AF707-9E25-4704-9773-D4BB5533F5E8}.Debug|Any CPU.ActiveCfg = Debug|Any CPU
		{9F1AF707-9E25-4704-9773-D4BB5533F5E8}.Debug|Any CPU.Build.0 = Debug|Any CPU
		{9F1AF707-9E25-4704-9773-D4BB5533F5E8}.Release|Any CPU.ActiveCfg = Release|Any CPU
		{9F1AF707-9E25-4704-9773-D4BB5533F5E8}.Release|Any CPU.Build.0 = Release|Any CPU
		{D2942542-C3F5-49EC-AA95-B9C0F0BAE9A4}.Debug|Any CPU.ActiveCfg = Debug|Any CPU
		{D2942542-C3F5-49EC-AA95-B9C0F0BAE9A4}.Debug|Any CPU.Build.0 = Debug|Any CPU
		{D2942542-C3F5-49EC-AA95-B9C0F0BAE9A4}.Release|Any CPU.ActiveCfg = Release|Any CPU
		{D2942542-C3F5-49EC-AA95-B9C0F0BAE9A4}.Release|Any CPU.Build.0 = Release|Any CPU
		{833F1049-FC3F-4984-AEFE-B72D6DA22BA4}.Debug|Any CPU.ActiveCfg = Debug|Any CPU
		{833F1049-FC3F-4984-AEFE-B72D6DA22BA4}.Debug|Any CPU.Build.0 = Debug|Any CPU
		{833F1049-FC3F-4984-AEFE-B72D6DA22BA4}.Release|Any CPU.ActiveCfg = Release|Any CPU
		{833F1049-FC3F-4984-AEFE-B72D6DA22BA4}.Release|Any CPU.Build.0 = Release|Any CPU
		{3A4F4E74-2FC4-4DEB-95A7-B3998A98C5E3}.Debug|Any CPU.ActiveCfg = Debug|Any CPU
		{3A4F4E74-2FC4-4DEB-95A7-B3998A98C5E3}.Debug|Any CPU.Build.0 = Debug|Any CPU
		{3A4F4E74-2FC4-4DEB-95A7-B3998A98C5E3}.Release|Any CPU.ActiveCfg = Release|Any CPU
		{3A4F4E74-2FC4-4DEB-95A7-B3998A98C5E3}.Release|Any CPU.Build.0 = Release|Any CPU
		{D14B628F-0A16-405E-96FD-0776462FCA07}.Debug|Any CPU.ActiveCfg = Debug|Any CPU
		{D14B628F-0A16-405E-96FD-0776462FCA07}.Debug|Any CPU.Build.0 = Debug|Any CPU
		{D14B628F-0A16-405E-96FD-0776462FCA07}.Release|Any CPU.ActiveCfg = Release|Any CPU
		{D14B628F-0A16-405E-96FD-0776462FCA07}.Release|Any CPU.Build.0 = Release|Any CPU
	EndGlobalSection
	GlobalSection(SolutionProperties) = preSolution
		HideSolutionNode = FALSE
	EndGlobalSection
	GlobalSection(ExtensibilityGlobals) = postSolution
		SolutionGuid = {813C67A2-C44D-4836-9C62-A1B682C96C2F}
	EndGlobalSection
EndGlobal
